{
  "name": "vorlaut",
  "version": "1.0.0",
  "lockfileVersion": 3,
  "requires": true,
  "packages": {
    "": {
      "name": "vorlaut",
      "version": "1.0.0",
      "license": "MIT",
      "devDependencies": {
        "@lautstark/design": "github:Lautstark/design#v1.0.1"
      }
    },
    "node_modules/@lautstark/design": {
      "version": "1.0.1",
      "resolved": "git+ssh://git@github.com/Lautstark/design.git#62a640b50b3ffd1b05114bdcafcb7b3a2b89633b",
      "dev": true,
      "license": "MIT"
    }
  }
}
